
Microsoft Visual Studio Solution File, Format Version 12.00
# Visual Studio Version 17
VisualStudioVersion = 17.10.34928.147
MinimumVisualStudioVersion = 10.0.40219.1
Project("{FAE04EC0-301F-11D3-BF4B-00C04F79EFBC}") = "EntityFramworkExample", "EntityFramworkExample\EntityFramworkExample.csproj", "{5AC3EED6-73F4-42A2-8DD4-52CAB328AA17}"
EndProject
Project("{FAE04EC0-301F-11D3-BF4B-00C04F79EFBC}") = "Entities", "Entities\Entities.csproj", "{6FC29C82-8608-4553-AAA6-9295E0B45694}"
EndProject
Project("{FAE04EC0-301F-11D3-BF4B-00C04F79EFBC}") = "ServiceContracts", "ServiceContracts\ServiceContracts.csproj", "{AE18F104-1962-4093-86A8-6E144EF436D7}"
EndProject
Project("{FAE04EC0-301F-11D3-BF4B-00C04F79EFBC}") = "Services", "Services\Services.csproj", "{9B29D231-6330-440D-AF63-BFFC0EEA3D5C}"
EndProject
Global
	GlobalSection(SolutionConfigurationPlatforms) = preSolution
		Debug|Any CPU = Debug|Any CPU
		Release|Any CPU = Release|Any CPU
	EndGlobalSection
	GlobalSection(ProjectConfigurationPlatforms) = postSolution
		{5AC3EED6-73F4-42A2-8DD4-52CAB328AA17}.Debug|Any CPU.ActiveCfg = Debug|Any CPU
		{5AC3EED6-73F4-42A2-8DD4-52CAB328AA17}.Debug|Any CPU.Build.0 = Debug|Any CPU
		{5AC3EED6-73F4-42A2-8DD4-52CAB328AA17}.Release|Any CPU.ActiveCfg = Release|Any CPU
		{5AC3EED6-73F4-42A2-8DD4-52CAB328AA17}.Release|Any CPU.Build.0 = Release|Any CPU
		{6FC29C82-8608-4553-AAA6-9295E0B45694}.Debug|Any CPU.ActiveCfg = Debug|Any CPU
		{6FC29C82-8608-4553-AAA6-9295E0B45694}.Debug|Any CPU.Build.0 = Debug|Any CPU
		{6FC29C82-8608-4553-AAA6-9295E0B45694}.Release|Any CPU.ActiveCfg = Release|Any CPU
		{6FC29C82-8608-4553-AAA6-9295E0B45694}.Release|Any CPU.Build.0 = Release|Any CPU
		{AE18F104-1962-4093-86A8-6E144EF436D7}.Debug|Any CPU.ActiveCfg = Debug|Any CPU
		{AE18F104-1962-4093-86A8-6E144EF436D7}.Debug|Any CPU.Build.0 = Debug|Any CPU
		{AE18F104-1962-4093-86A8-6E144EF436D7}.Release|Any CPU.ActiveCfg = Release|Any CPU
		{AE18F104-1962-4093-86A8-6E144EF436D7}.Release|Any CPU.Build.0 = Release|Any CPU
		{9B29D231-6330-440D-AF63-BFFC0EEA3D5C}.Debug|Any CPU.ActiveCfg = Debug|Any CPU
		{9B29D231-6330-440D-AF63-BFFC0EEA3D5C}.Debug|Any CPU.Build.0 = Debug|Any CPU
		{9B29D231-6330-440D-AF63-BFFC0EEA3D5C}.Release|Any CPU.ActiveCfg = Release|Any CPU
		{9B29D231-6330-440D-AF63-BFFC0EEA3D5C}.Release|Any CPU.Build.0 = Release|Any CPU
	EndGlobalSection
	GlobalSection(SolutionProperties) = preSolution
		HideSolutionNode = FALSE
	EndGlobalSection
	GlobalSection(ExtensibilityGlobals) = postSolution
		SolutionGuid = {AAA68271-ADC7-4F5B-A36F-D69A8BA82AA5}
	EndGlobalSection
EndGlobal
